// !$*UTF8*$!
{
	archiveVersion = 1;
	classes = {
	};
	objectVersion = 56;
	objects = {

/* Begin PBXBuildFile section */
		745F26632AFE850B0087A3A9 /* AppDelegate.swift in Sources */ = {isa = PBXBuildFile; fileRef = 745F26622AFE850B0087A3A9 /* AppDelegate.swift */; };
		745F26652AFE850B0087A3A9 /* SceneDelegate.swift in Sources */ = {isa = PBXBuildFile; fileRef = 745F26642AFE850B0087A3A9 /* SceneDelegate.swift */; };
		745F26672AFE850B0087A3A9 /* FoldersViewController.swift in Sources */ = {isa = PBXBuildFile; fileRef = 745F26662AFE850B0087A3A9 /* FoldersViewController.swift */; };
		745F266D2AFE850B0087A3A9 /* Nottes.xcdatamodeld in Sources */ = {isa = PBXBuildFile; fileRef = 745F266B2AFE850B0087A3A9 /* Nottes.xcdatamodeld */; };
		745F266F2AFE850D0087A3A9 /* Assets.xcassets in Resources */ = {isa = PBXBuildFile; fileRef = 745F266E2AFE850D0087A3A9 /* Assets.xcassets */; };
		745F26722AFE850D0087A3A9 /* LaunchScreen.storyboard in Resources */ = {isa = PBXBuildFile; fileRef = 745F26702AFE850D0087A3A9 /* LaunchScreen.storyboard */; };
		745F267D2AFE8A230087A3A9 /* Note+CoreDataClass.swift in Sources */ = {isa = PBXBuildFile; fileRef = 745F26792AFE8A230087A3A9 /* Note+CoreDataClass.swift */; };
		745F267E2AFE8A230087A3A9 /* Note+CoreDataProperties.swift in Sources */ = {isa = PBXBuildFile; fileRef = 745F267A2AFE8A230087A3A9 /* Note+CoreDataProperties.swift */; };
		745F267F2AFE8A230087A3A9 /* Folder+CoreDataClass.swift in Sources */ = {isa = PBXBuildFile; fileRef = 745F267B2AFE8A230087A3A9 /* Folder+CoreDataClass.swift */; };
		745F26802AFE8A230087A3A9 /* Folder+CoreDataProperties.swift in Sources */ = {isa = PBXBuildFile; fileRef = 745F267C2AFE8A230087A3A9 /* Folder+CoreDataProperties.swift */; };
		745F26822AFE8A3C0087A3A9 /* StorageManager.swift in Sources */ = {isa = PBXBuildFile; fileRef = 745F26812AFE8A3C0087A3A9 /* StorageManager.swift */; };
		745F26842AFE8A5B0087A3A9 /* NotesViewController.swift in Sources */ = {isa = PBXBuildFile; fileRef = 745F26832AFE8A5B0087A3A9 /* NotesViewController.swift */; };
		745F26862AFE8A6B0087A3A9 /* NotesEditorViewController.swift in Sources */ = {isa = PBXBuildFile; fileRef = 745F26852AFE8A6B0087A3A9 /* NotesEditorViewController.swift */; };
		745F26882AFE8A7D0087A3A9 /* NotesDetailInfoViewController.swift in Sources */ = {isa = PBXBuildFile; fileRef = 745F26872AFE8A7D0087A3A9 /* NotesDetailInfoViewController.swift */; };
/* End PBXBuildFile section */

/* Begin PBXFileReference section */
		745F265F2AFE850B0087A3A9 /* Nottes.app */ = {isa = PBXFileReference; explicitFileType = wrapper.application; includeInIndex = 0; path = Nottes.app; sourceTree = BUILT_PRODUCTS_DIR; };
		745F26622AFE850B0087A3A9 /* AppDelegate.swift */ = {isa = PBXFileReference; lastKnownFileType = sourcecode.swift; path = AppDelegate.swift; sourceTree = "<group>"; };
		745F26642AFE850B0087A3A9 /* SceneDelegate.swift */ = {isa = PBXFileReference; lastKnownFileType = sourcecode.swift; path = SceneDelegate.swift; sourceTree = "<group>"; };
		745F26662AFE850B0087A3A9 /* FoldersViewController.swift */ = {isa = PBXFileReference; lastKnownFileType = sourcecode.swift; path = FoldersViewController.swift; sourceTree = "<group>"; };
		745F266C2AFE850B0087A3A9 /* Nottes.xcdatamodel */ = {isa = PBXFileReference; lastKnownFileType = wrapper.xcdatamodel; path = Nottes.xcdatamodel; sourceTree = "<group>"; };
		745F266E2AFE850D0087A3A9 /* Assets.xcassets */ = {isa = PBXFileReference; lastKnownFileType = folder.assetcatalog; path = Assets.xcassets; sourceTree = "<group>"; };
		745F26712AFE850D0087A3A9 /* Base */ = {isa = PBXFileReference; lastKnownFileType = file.storyboard; name = Base; path = Base.lproj/LaunchScreen.storyboard; sourceTree = "<group>"; };
		745F26732AFE850D0087A3A9 /* Info.plist */ = {isa = PBXFileReference; lastKnownFileType = text.plist.xml; path = Info.plist; sourceTree = "<group>"; };
		745F26792AFE8A230087A3A9 /* Note+CoreDataClass.swift */ = {isa = PBXFileReference; lastKnownFileType = sourcecode.swift; path = "Note+CoreDataClass.swift"; sourceTree = "<group>"; };
		745F267A2AFE8A230087A3A9 /* Note+CoreDataProperties.swift */ = {isa = PBXFileReference; lastKnownFileType = sourcecode.swift; path = "Note+CoreDataProperties.swift"; sourceTree = "<group>"; };
		745F267B2AFE8A230087A3A9 /* Folder+CoreDataClass.swift */ = {isa = PBXFileReference; lastKnownFileType = sourcecode.swift; path = "Folder+CoreDataClass.swift"; sourceTree = "<group>"; };
		745F267C2AFE8A230087A3A9 /* Folder+CoreDataProperties.swift */ = {isa = PBXFileReference; lastKnownFileType = sourcecode.swift; path = "Folder+CoreDataProperties.swift"; sourceTree = "<group>"; };
		745F26812AFE8A3C0087A3A9 /* StorageManager.swift */ = {isa = PBXFileReference; lastKnownFileType = sourcecode.swift; path = StorageManager.swift; sourceTree = "<group>"; };
		745F26832AFE8A5B0087A3A9 /* NotesViewController.swift */ = {isa = PBXFileReference; lastKnownFileType = sourcecode.swift; path = NotesViewController.swift; sourceTree = "<group>"; };
		745F26852AFE8A6B0087A3A9 /* NotesEditorViewController.swift */ = {isa = PBXFileReference; lastKnownFileType = sourcecode.swift; path = NotesEditorViewController.swift; sourceTree = "<group>"; };
		745F26872AFE8A7D0087A3A9 /* NotesDetailInfoViewController.swift */ = {isa = PBXFileReference; lastKnownFileType = sourcecode.swift; path = NotesDetailInfoViewController.swift; sourceTree = "<group>"; };
/* End PBXFileReference section */

/* Begin PBXFrameworksBuildPhase section */
		745F265C2AFE850B0087A3A9 /* Frameworks */ = {
			isa = PBXFrameworksBuildPhase;
			buildActionMask = 2147483647;
			files = (
			);
			runOnlyForDeploymentPostprocessing = 0;
		};
/* End PBXFrameworksBuildPhase section */

/* Begin PBXGroup section */
		745F26562AFE850B0087A3A9 = {
			isa = PBXGroup;
			children = (
				745F26612AFE850B0087A3A9 /* Nottes */,
				745F26602AFE850B0087A3A9 /* Products */,
			);
			sourceTree = "<group>";
		};
		745F26602AFE850B0087A3A9 /* Products */ = {
			isa = PBXGroup;
			children = (
				745F265F2AFE850B0087A3A9 /* Nottes.app */,
			);
			name = Products;
			sourceTree = "<group>";
		};
		745F26612AFE850B0087A3A9 /* Nottes */ = {
			isa = PBXGroup;
			children = (
				745F268A2AFE8BD60087A3A9 /* App */,
				745F26892AFE8BC60087A3A9 /* CoreData */,
				745F268B2AFE8BED0087A3A9 /* ViewControllers */,
				745F266E2AFE850D0087A3A9 /* Assets.xcassets */,
				745F26702AFE850D0087A3A9 /* LaunchScreen.storyboard */,
				745F26732AFE850D0087A3A9 /* Info.plist */,
			);
			path = Nottes;
			sourceTree = "<group>";
		};
		745F26892AFE8BC60087A3A9 /* CoreData */ = {
			isa = PBXGroup;
			children = (
				745F266B2AFE850B0087A3A9 /* Nottes.xcdatamodeld */,
				745F26812AFE8A3C0087A3A9 /* StorageManager.swift */,
				745F26792AFE8A230087A3A9 /* Note+CoreDataClass.swift */,
				745F267A2AFE8A230087A3A9 /* Note+CoreDataProperties.swift */,
				745F267B2AFE8A230087A3A9 /* Folder+CoreDataClass.swift */,
				745F267C2AFE8A230087A3A9 /* Folder+CoreDataProperties.swift */,
			);
			path = CoreData;
			sourceTree = "<group>";
		};
		745F268A2AFE8BD60087A3A9 /* App */ = {
			isa = PBXGroup;
			children = (
				745F26622AFE850B0087A3A9 /* AppDelegate.swift */,
				745F26642AFE850B0087A3A9 /* SceneDelegate.swift */,
			);
			path = App;
			sourceTree = "<group>";
		};
		745F268B2AFE8BED0087A3A9 /* ViewControllers */ = {
			isa = PBXGroup;
			children = (
				745F26662AFE850B0087A3A9 /* FoldersViewController.swift */,
				745F26832AFE8A5B0087A3A9 /* NotesViewController.swift */,
				745F26852AFE8A6B0087A3A9 /* NotesEditorViewController.swift */,
				745F26872AFE8A7D0087A3A9 /* NotesDetailInfoViewController.swift */,
			);
			path = ViewControllers;
			sourceTree = "<group>";
		};
/* End PBXGroup section */

/* Begin PBXNativeTarget section */
		745F265E2AFE850B0087A3A9 /* Nottes */ = {
			isa = PBXNativeTarget;
			buildConfigurationList = 745F26762AFE850D0087A3A9 /* Build configuration list for PBXNativeTarget "Nottes" */;
			buildPhases = (
				745F265B2AFE850B0087A3A9 /* Sources */,
				745F265C2AFE850B0087A3A9 /* Frameworks */,
				745F265D2AFE850B0087A3A9 /* Resources */,
			);
			buildRules = (
			);
			dependencies = (
			);
			name = Nottes;
			productName = Nottes;
			productReference = 745F265F2AFE850B0087A3A9 /* Nottes.app */;
			productType = "com.apple.product-type.application";
		};
/* End PBXNativeTarget section */

/* Begin PBXProject section */
		745F26572AFE850B0087A3A9 /* Project object */ = {
			isa = PBXProject;
			attributes = {
				BuildIndependentTargetsInParallel = 1;
				LastSwiftUpdateCheck = 1500;
				LastUpgradeCheck = 1500;
				TargetAttributes = {
					745F265E2AFE850B0087A3A9 = {
						CreatedOnToolsVersion = 15.0;
					};
				};
			};
			buildConfigurationList = 745F265A2AFE850B0087A3A9 /* Build configuration list for PBXProject "Nottes" */;
			compatibilityVersion = "Xcode 14.0";
			developmentRegion = en;
			hasScannedForEncodings = 0;
			knownRegions = (
				en,
				Base,
			);
			mainGroup = 745F26562AFE850B0087A3A9;
			productRefGroup = 745F26602AFE850B0087A3A9 /* Products */;
			projectDirPath = "";
			projectRoot = "";
			targets = (
				745F265E2AFE850B0087A3A9 /* Nottes */,
			);
		};
/* End PBXProject section */

/* Begin PBXResourcesBuildPhase section */
		745F265D2AFE850B0087A3A9 /* Resources */ = {
			isa = PBXResourcesBuildPhase;
			buildActionMask = 2147483647;
			files = (
				745F26722AFE850D0087A3A9 /* LaunchScreen.storyboard in Resources */,
				745F266F2AFE850D0087A3A9 /* Assets.xcassets in Resources */,
			);
			runOnlyForDeploymentPostprocessing = 0;
		};
/* End PBXResourcesBuildPhase section */

/* Begin PBXSourcesBuildPhase section */
		745F265B2AFE850B0087A3A9 /* Sources */ = {
			isa = PBXSourcesBuildPhase;
			buildActionMask = 2147483647;
			files = (
				745F266D2AFE850B0087A3A9 /* Nottes.xcdatamodeld in Sources */,
				745F26802AFE8A230087A3A9 /* Folder+CoreDataProperties.swift in Sources */,
				745F267F2AFE8A230087A3A9 /* Folder+CoreDataClass.swift in Sources */,
				745F26822AFE8A3C0087A3A9 /* StorageManager.swift in Sources */,
				745F26862AFE8A6B0087A3A9 /* NotesEditorViewController.swift in Sources */,
				745F26672AFE850B0087A3A9 /* FoldersViewController.swift in Sources */,
				745F267D2AFE8A230087A3A9 /* Note+CoreDataClass.swift in Sources */,
				745F26842AFE8A5B0087A3A9 /* NotesViewController.swift in Sources */,
				745F26632AFE850B0087A3A9 /* AppDelegate.swift in Sources */,
				745F26882AFE8A7D0087A3A9 /* NotesDetailInfoViewController.swift in Sources */,
				745F26652AFE850B0087A3A9 /* SceneDelegate.swift in Sources */,
				745F267E2AFE8A230087A3A9 /* Note+CoreDataProperties.swift in Sources */,
			);
			runOnlyForDeploymentPostprocessing = 0;
		};
/* End PBXSourcesBuildPhase section */

/* Begin PBXVariantGroup section */
		745F26702AFE850D0087A3A9 /* LaunchScreen.storyboard */ = {
			isa = PBXVariantGroup;
			children = (
				745F26712AFE850D0087A3A9 /* Base */,
			);
			name = LaunchScreen.storyboard;
			sourceTree = "<group>";
		};
/* End PBXVariantGroup section */

/* Begin XCBuildConfiguration section */
		745F26742AFE850D0087A3A9 /* Debug */ = {
			isa = XCBuildConfiguration;
			buildSettings = {
				ALWAYS_SEARCH_USER_PATHS = NO;
				ASSETCATALOG_COMPILER_GENERATE_SWIFT_ASSET_SYMBOL_EXTENSIONS = YES;
				CLANG_ANALYZER_NONNULL = YES;
				CLANG_ANALYZER_NUMBER_OBJECT_CONVERSION = YES_AGGRESSIVE;
				CLANG_CXX_LANGUAGE_STANDARD = "gnu++20";
				CLANG_ENABLE_MODULES = YES;
				CLANG_ENABLE_OBJC_ARC = YES;
				CLANG_ENABLE_OBJC_WEAK = YES;
				CLANG_WARN_BLOCK_CAPTURE_AUTORELEASING = YES;
				CLANG_WARN_BOOL_CONVERSION = YES;
				CLANG_WARN_COMMA = YES;
				CLANG_WARN_CONSTANT_CONVERSION = YES;
				CLANG_WARN_DEPRECATED_OBJC_IMPLEMENTATIONS = YES;
				CLANG_WARN_DIRECT_OBJC_ISA_USAGE = YES_ERROR;
				CLANG_WARN_DOCUMENTATION_COMMENTS = YES;
				CLANG_WARN_EMPTY_BODY = YES;
				CLANG_WARN_ENUM_CONVERSION = YES;
				CLANG_WARN_INFINITE_RECURSION = YES;
				CLANG_WARN_INT_CONVERSION = YES;
				CLANG_WARN_NON_LITERAL_NULL_CONVERSION = YES;
				CLANG_WARN_OBJC_IMPLICIT_RETAIN_SELF = YES;
				CLANG_WARN_OBJC_LITERAL_CONVERSION = YES;
				CLANG_WARN_OBJC_ROOT_CLASS = YES_ERROR;
				CLANG_WARN_QUOTED_INCLUDE_IN_FRAMEWORK_HEADER = YES;
				CLANG_WARN_RANGE_LOOP_ANALYSIS = YES;
				CLANG_WARN_STRICT_PROTOTYPES = YES;
				CLANG_WARN_SUSPICIOUS_MOVE = YES;
				CLANG_WARN_UNGUARDED_AVAILABILITY = YES_AGGRESSIVE;
				CLANG_WARN_UNREACHABLE_CODE = YES;
				CLANG_WARN__DUPLICATE_METHOD_MATCH = YES;
				COPY_PHASE_STRIP = NO;
				DEBUG_INFORMATION_FORMAT = dwarf;
				ENABLE_STRICT_OBJC_MSGSEND = YES;
				ENABLE_TESTABILITY = YES;
				ENABLE_USER_SCRIPT_SANDBOXING = YES;
				GCC_C_LANGUAGE_STANDARD = gnu17;
				GCC_DYNAMIC_NO_PIC = NO;
				GCC_NO_COMMON_BLOCKS = YES;
				GCC_OPTIMIZATION_LEVEL = 0;
				GCC_PREPROCESSOR_DEFINITIONS = (
					"DEBUG=1",
					"$(inherited)",
				);
				GCC_WARN_64_TO_32_BIT_CONVERSION = YES;
				GCC_WARN_ABOUT_RETURN_TYPE = YES_ERROR;
				GCC_WARN_UNDECLARED_SELECTOR = YES;
				GCC_WARN_UNINITIALIZED_AUTOS = YES_AGGRESSIVE;
				GCC_WARN_UNUSED_FUNCTION = YES;
				GCC_WARN_UNUSED_VARIABLE = YES;
				IPHONEOS_DEPLOYMENT_TARGET = 17.0;
				LOCALIZATION_PREFERS_STRING_CATALOGS = YES;
				MTL_ENABLE_DEBUG_INFO = INCLUDE_SOURCE;
				MTL_FAST_MATH = YES;
				ONLY_ACTIVE_ARCH = YES;
				SDKROOT = iphoneos;
				SWIFT_ACTIVE_COMPILATION_CONDITIONS = "DEBUG $(inherited)";
				SWIFT_OPTIMIZATION_LEVEL = "-Onone";
			};
			name = Debug;
		};
		745F26752AFE850D0087A3A9 /* Release */ = {
			isa = XCBuildConfiguration;
			buildSettings = {
				ALWAYS_SEARCH_USER_PATHS = NO;
				ASSETCATALOG_COMPILER_GENERATE_SWIFT_ASSET_SYMBOL_EXTENSIONS = YES;
				CLANG_ANALYZER_NONNULL = YES;
				CLANG_ANALYZER_NUMBER_OBJECT_CONVERSION = YES_AGGRESSIVE;
				CLANG_CXX_LANGUAGE_STANDARD = "gnu++20";
				CLANG_ENABLE_MODULES = YES;
				CLANG_ENABLE_OBJC_ARC = YES;
				CLANG_ENABLE_OBJC_WEAK = YES;
				CLANG_WARN_BLOCK_CAPTURE_AUTORELEASING = YES;
				CLANG_WARN_BOOL_CONVERSION = YES;
				CLANG_WARN_COMMA = YES;
				CLANG_WARN_CONSTANT_CONVERSION = YES;
				CLANG_WARN_DEPRECATED_OBJC_IMPLEMENTATIONS = YES;
				CLANG_WARN_DIRECT_OBJC_ISA_USAGE = YES_ERROR;
				CLANG_WARN_DOCUMENTATION_COMMENTS = YES;
				CLANG_WARN_EMPTY_BODY = YES;
				CLANG_WARN_ENUM_CONVERSION = YES;
				CLANG_WARN_INFINITE_RECURSION = YES;
				CLANG_WARN_INT_CONVERSION = YES;
				CLANG_WARN_NON_LITERAL_NULL_CONVERSION = YES;
				CLANG_WARN_OBJC_IMPLICIT_RETAIN_SELF = YES;
				CLANG_WARN_OBJC_LITERAL_CONVERSION = YES;
				CLANG_WARN_OBJC_ROOT_CLASS = YES_ERROR;
				CLANG_WARN_QUOTED_INCLUDE_IN_FRAMEWORK_HEADER = YES;
				CLANG_WARN_RANGE_LOOP_ANALYSIS = YES;
				CLANG_WARN_STRICT_PROTOTYPES = YES;
				CLANG_WARN_SUSPICIOUS_MOVE = YES;
				CLANG_WARN_UNGUARDED_AVAILABILITY = YES_AGGRESSIVE;
				CLANG_WARN_UNREACHABLE_CODE = YES;
				CLANG_WARN__DUPLICATE_METHOD_MATCH = YES;
				COPY_PHASE_STRIP = NO;
				DEBUG_INFORMATION_FORMAT = "dwarf-with-dsym";
				ENABLE_NS_ASSERTIONS = NO;
				ENABLE_STRICT_OBJC_MSGSEND = YES;
				ENABLE_USER_SCRIPT_SANDBOXING = YES;
				GCC_C_LANGUAGE_STANDARD = gnu17;
				GCC_NO_COMMON_BLOCKS = YES;
				GCC_WARN_64_TO_32_BIT_CONVERSION = YES;
				GCC_WARN_ABOUT_RETURN_TYPE = YES_ERROR;
				GCC_WARN_UNDECLARED_SELECTOR = YES;
				GCC_WARN_UNINITIALIZED_AUTOS = YES_AGGRESSIVE;
				GCC_WARN_UNUSED_FUNCTION = YES;
				GCC_WARN_UNUSED_VARIABLE = YES;
				IPHONEOS_DEPLOYMENT_TARGET = 17.0;
				LOCALIZATION_PREFERS_STRING_CATALOGS = YES;
				MTL_ENABLE_DEBUG_INFO = NO;
				MTL_FAST_MATH = YES;
				SDKROOT = iphoneos;
				SWIFT_COMPILATION_MODE = wholemodule;
				VALIDATE_PRODUCT = YES;
			};
			name = Release;
		};
		745F26772AFE850D0087A3A9 /* Debug */ = {
			isa = XCBuildConfiguration;
			buildSettings = {
				ASSETCATALOG_COMPILER_APPICON_NAME = AppIcon;
				ASSETCATALOG_COMPILER_GLOBAL_ACCENT_COLOR_NAME = AccentColor;
				CODE_SIGN_STYLE = Automatic;
				CURRENT_PROJECT_VERSION = 1;
				DEVELOPMENT_TEAM = AJ8B22PL56;
				GENERATE_INFOPLIST_FILE = YES;
				INFOPLIST_FILE = Nottes/Info.plist;
				INFOPLIST_KEY_UIApplicationSupportsIndirectInputEvents = YES;
				INFOPLIST_KEY_UILaunchStoryboardName = LaunchScreen;
				INFOPLIST_KEY_UIMainStoryboardFile = "";
				INFOPLIST_KEY_UISupportedInterfaceOrientations_iPad = "UIInterfaceOrientationPortrait UIInterfaceOrientationPortraitUpsideDown UIInterfaceOrientationLandscapeLeft UIInterfaceOrientationLandscapeRight";
				INFOPLIST_KEY_UISupportedInterfaceOrientations_iPhone = "UIInterfaceOrientationPortrait UIInterfaceOrientationLandscapeLeft UIInterfaceOrientationLandscapeRight";
				LD_RUNPATH_SEARCH_PATHS = (
					"$(inherited)",
					"@executable_path/Frameworks",
				);
				MARKETING_VERSION = 1.0;
				PRODUCT_BUNDLE_IDENTIFIER = don.Nottes;
				PRODUCT_NAME = "$(TARGET_NAME)";
				SWIFT_EMIT_LOC_STRINGS = YES;
				SWIFT_VERSION = 5.0;
				TARGETED_DEVICE_FAMILY = "1,2";
			};
			name = Debug;
		};
		745F26782AFE850D0087A3A9 /* Release */ = {
			isa = XCBuildConfiguration;
			buildSettings = {
				ASSETCATALOG_COMPILER_APPICON_NAME = AppIcon;
				ASSETCATALOG_COMPILER_GLOBAL_ACCENT_COLOR_NAME = AccentColor;
				CODE_SIGN_STYLE = Automatic;
				CURRENT_PROJECT_VERSION = 1;
				DEVELOPMENT_TEAM = AJ8B22PL56;
				GENERATE_INFOPLIST_FILE = YES;
				INFOPLIST_FILE = Nottes/Info.plist;
				INFOPLIST_KEY_UIApplicationSupportsIndirectInputEvents = YES;
				INFOPLIST_KEY_UILaunchStoryboardName = LaunchScreen;
				INFOPLIST_KEY_UIMainStoryboardFile = "";
				INFOPLIST_KEY_UISupportedInterfaceOrientations_iPad = "UIInterfaceOrientationPortrait UIInterfaceOrientationPortraitUpsideDown UIInterfaceOrientationLandscapeLeft UIInterfaceOrientationLandscapeRight";
				INFOPLIST_KEY_UISupportedInterfaceOrientations_iPhone = "UIInterfaceOrientationPortrait UIInterfaceOrientationLandscapeLeft UIInterfaceOrientationLandscapeRight";
				LD_RUNPATH_SEARCH_PATHS = (
					"$(inherited)",
					"@executable_path/Frameworks",
				);
				MARKETING_VERSION = 1.0;
				PRODUCT_BUNDLE_IDENTIFIER = don.Nottes;
				PRODUCT_NAME = "$(TARGET_NAME)";
				SWIFT_EMIT_LOC_STRINGS = YES;
				SWIFT_VERSION = 5.0;
				TARGETED_DEVICE_FAMILY = "1,2";
			};
			name = Release;
		};
/* End XCBuildConfiguration section */

/* Begin XCConfigurationList section */
		745F265A2AFE850B0087A3A9 /* Build configuration list for PBXProject "Nottes" */ = {
			isa = XCConfigurationList;
			buildConfigurations = (
				745F26742AFE850D0087A3A9 /* Debug */,
				745F26752AFE850D0087A3A9 /* Release */,
			);
			defaultConfigurationIsVisible = 0;
			defaultConfigurationName = Release;
		};
		745F26762AFE850D0087A3A9 /* Build configuration list for PBXNativeTarget "Nottes" */ = {
			isa = XCConfigurationList;
			buildConfigurations = (
				745F26772AFE850D0087A3A9 /* Debug */,
				745F26782AFE850D0087A3A9 /* Release */,
			);
			defaultConfigurationIsVisible = 0;
			defaultConfigurationName = Release;
		};
/* End XCConfigurationList section */

/* Begin XCVersionGroup section */
		745F266B2AFE850B0087A3A9 /* Nottes.xcdatamodeld */ = {
			isa = XCVersionGroup;
			children = (
				745F266C2AFE850B0087A3A9 /* Nottes.xcdatamodel */,
			);
			currentVersion = 745F266C2AFE850B0087A3A9 /* Nottes.xcdatamodel */;
			path = Nottes.xcdatamodeld;
			sourceTree = "<group>";
			versionGroupType = wrapper.xcdatamodel;
		};
/* End XCVersionGroup section */
	};
	rootObject = 745F26572AFE850B0087A3A9 /* Project object */;
}
